// !$*UTF8*$!
{
	archiveVersion = 1;
	classes = {
	};
	objectVersion = 56;
	objects = {

/* Begin PBXBuildFile section */
		2E35174028EAE793007D891B /* ProductModel.swift in Sources */ = {isa = PBXBuildFile; fileRef = 2E35173F28EAE793007D891B /* ProductModel.swift */; };
		2E35174228EAEEC1007D891B /* ProductCollectionItemCell.swift in Sources */ = {isa = PBXBuildFile; fileRef = 2E35174128EAEEC1007D891B /* ProductCollectionItemCell.swift */; };
		2E782FBA28DC5563003C102B /* AppDelegate.swift in Sources */ = {isa = PBXBuildFile; fileRef = 2E782FB928DC5563003C102B /* AppDelegate.swift */; };
		2E782FBC28DC5563003C102B /* SceneDelegate.swift in Sources */ = {isa = PBXBuildFile; fileRef = 2E782FBB28DC5563003C102B /* SceneDelegate.swift */; };
		2E782FC328DC5564003C102B /* Assets.xcassets in Resources */ = {isa = PBXBuildFile; fileRef = 2E782FC228DC5564003C102B /* Assets.xcassets */; };
		2E782FC628DC5564003C102B /* LaunchScreen.storyboard in Resources */ = {isa = PBXBuildFile; fileRef = 2E782FC428DC5564003C102B /* LaunchScreen.storyboard */; };
		2E782FD128DC5564003C102B /* LabrandTests.swift in Sources */ = {isa = PBXBuildFile; fileRef = 2E782FD028DC5564003C102B /* LabrandTests.swift */; };
		2E782FDB28DC5564003C102B /* LabrandUITests.swift in Sources */ = {isa = PBXBuildFile; fileRef = 2E782FDA28DC5564003C102B /* LabrandUITests.swift */; };
		2E782FDD28DC5564003C102B /* LabrandUITestsLaunchTests.swift in Sources */ = {isa = PBXBuildFile; fileRef = 2E782FDC28DC5564003C102B /* LabrandUITestsLaunchTests.swift */; };
		2E782FF228DC59A5003C102B /* Metropolis-Bold.otf in Resources */ = {isa = PBXBuildFile; fileRef = 2E782FEB28DC59A5003C102B /* Metropolis-Bold.otf */; };
		2E782FF328DC59A5003C102B /* Metropolis-Thin.otf in Resources */ = {isa = PBXBuildFile; fileRef = 2E782FEC28DC59A5003C102B /* Metropolis-Thin.otf */; };
		2E782FF428DC59A5003C102B /* Metropolis-Light.otf in Resources */ = {isa = PBXBuildFile; fileRef = 2E782FED28DC59A5003C102B /* Metropolis-Light.otf */; };
		2E782FF528DC59A5003C102B /* Metropolis-Regular.otf in Resources */ = {isa = PBXBuildFile; fileRef = 2E782FEE28DC59A5003C102B /* Metropolis-Regular.otf */; };
		2E782FF628DC59A5003C102B /* Metropolis-Black.otf in Resources */ = {isa = PBXBuildFile; fileRef = 2E782FEF28DC59A5003C102B /* Metropolis-Black.otf */; };
		2E782FF728DC59A5003C102B /* Metropolis-Medium.otf in Resources */ = {isa = PBXBuildFile; fileRef = 2E782FF028DC59A5003C102B /* Metropolis-Medium.otf */; };
		2E782FF828DC59A5003C102B /* Metropolis-SemiBold.otf in Resources */ = {isa = PBXBuildFile; fileRef = 2E782FF128DC59A5003C102B /* Metropolis-SemiBold.otf */; };
		2E782FFB28DC5A62003C102B /* UIFont-extension.swift in Sources */ = {isa = PBXBuildFile; fileRef = 2E782FFA28DC5A62003C102B /* UIFont-extension.swift */; };
		2E78300128DC6314003C102B /* UIColor.swift in Sources */ = {isa = PBXBuildFile; fileRef = 2E78300028DC6314003C102B /* UIColor.swift */; };
		2E78300328DC632E003C102B /* AssetColors.swift in Sources */ = {isa = PBXBuildFile; fileRef = 2E78300228DC632E003C102B /* AssetColors.swift */; };
		2E78300628DC636C003C102B /* AppInfo.swift in Sources */ = {isa = PBXBuildFile; fileRef = 2E78300528DC636C003C102B /* AppInfo.swift */; };
		2E78300828DC6443003C102B /* GCDUtils.swift in Sources */ = {isa = PBXBuildFile; fileRef = 2E78300728DC6443003C102B /* GCDUtils.swift */; };
		2E78300A28DC6541003C102B /* KeyboardService.swift in Sources */ = {isa = PBXBuildFile; fileRef = 2E78300928DC6541003C102B /* KeyboardService.swift */; };
		2E78300E28DC66F5003C102B /* AppService.swift in Sources */ = {isa = PBXBuildFile; fileRef = 2E78300D28DC66F5003C102B /* AppService.swift */; };
		2E78301128DC6769003C102B /* Constant.swift in Sources */ = {isa = PBXBuildFile; fileRef = 2E78301028DC6769003C102B /* Constant.swift */; };
		2E78301628DC6936003C102B /* LaunchScreenViewController.swift in Sources */ = {isa = PBXBuildFile; fileRef = 2E78301528DC6936003C102B /* LaunchScreenViewController.swift */; };
		2E78301A28DC7D0E003C102B /* BaseViewController.swift in Sources */ = {isa = PBXBuildFile; fileRef = 2E78301928DC7D0E003C102B /* BaseViewController.swift */; };
		2E78301D28DC7FA4003C102B /* UIColor-extension.swift in Sources */ = {isa = PBXBuildFile; fileRef = 2E78301C28DC7FA4003C102B /* UIColor-extension.swift */; };
		2E78302128DC848C003C102B /* BaseNavigationController.swift in Sources */ = {isa = PBXBuildFile; fileRef = 2E78302028DC848C003C102B /* BaseNavigationController.swift */; };
		2E78302328DC8679003C102B /* UIView-extension.swift in Sources */ = {isa = PBXBuildFile; fileRef = 2E78302228DC8679003C102B /* UIView-extension.swift */; };
		2E78302528DC8702003C102B /* UITableViewCell-extension.swift in Sources */ = {isa = PBXBuildFile; fileRef = 2E78302428DC8702003C102B /* UITableViewCell-extension.swift */; };
		2E78302728DC873F003C102B /* NSMutableAttributedString-extension.swift in Sources */ = {isa = PBXBuildFile; fileRef = 2E78302628DC873F003C102B /* NSMutableAttributedString-extension.swift */; };
		2E78302928DC8793003C102B /* String+extension.swift in Sources */ = {isa = PBXBuildFile; fileRef = 2E78302828DC8793003C102B /* String+extension.swift */; };
		2E78302B28DC87CD003C102B /* Alert.swift in Sources */ = {isa = PBXBuildFile; fileRef = 2E78302A28DC87CD003C102B /* Alert.swift */; };
		2E78302D28DC87FB003C102B /* UIViewController+extension.swift in Sources */ = {isa = PBXBuildFile; fileRef = 2E78302C28DC87FB003C102B /* UIViewController+extension.swift */; };
		2E78302F28DC882F003C102B /* TabBarController-extension.swift in Sources */ = {isa = PBXBuildFile; fileRef = 2E78302E28DC882F003C102B /* TabBarController-extension.swift */; };
		2E78303128DC886A003C102B /* UITextField-extension.swift in Sources */ = {isa = PBXBuildFile; fileRef = 2E78303028DC886A003C102B /* UITextField-extension.swift */; };
		2E78303328DC88C3003C102B /* UIApplicationExtension.swift in Sources */ = {isa = PBXBuildFile; fileRef = 2E78303228DC88C3003C102B /* UIApplicationExtension.swift */; };
		2E78303A28DD8F8C003C102B /* Button.swift in Sources */ = {isa = PBXBuildFile; fileRef = 2E78303928DD8F8C003C102B /* Button.swift */; };
		2E78303C28DD8FED003C102B /* UIButton-extension.swift in Sources */ = {isa = PBXBuildFile; fileRef = 2E78303B28DD8FED003C102B /* UIButton-extension.swift */; };
		2E78303E28DD95B7003C102B /* LoginView.swift in Sources */ = {isa = PBXBuildFile; fileRef = 2E78303D28DD95B7003C102B /* LoginView.swift */; };
		2E78304028DDBA27003C102B /* BaseView.swift in Sources */ = {isa = PBXBuildFile; fileRef = 2E78303F28DDBA27003C102B /* BaseView.swift */; };
		2E78304228DDBA40003C102B /* LoaderView.swift in Sources */ = {isa = PBXBuildFile; fileRef = 2E78304128DDBA40003C102B /* LoaderView.swift */; };
		2E78304828DDBC17003C102B /* CustomActivityIndicatorView.swift in Sources */ = {isa = PBXBuildFile; fileRef = 2E78304728DDBC17003C102B /* CustomActivityIndicatorView.swift */; };
		2E78306628DF3E00003C102B /* AuthTextField.swift in Sources */ = {isa = PBXBuildFile; fileRef = 2E78306528DF3E00003C102B /* AuthTextField.swift */; };
		2E78306828DF3F25003C102B /* Enums.swift in Sources */ = {isa = PBXBuildFile; fileRef = 2E78306728DF3F25003C102B /* Enums.swift */; };
		2E88749A28DF55C60012DF93 /* LoginViewController.swift in Sources */ = {isa = PBXBuildFile; fileRef = 2E88749928DF55C60012DF93 /* LoginViewController.swift */; };
		2E88749D28DF56860012DF93 /* LoginConfigurator.swift in Sources */ = {isa = PBXBuildFile; fileRef = 2E88749C28DF56860012DF93 /* LoginConfigurator.swift */; };
		2E88749F28DF56F40012DF93 /* LoginProtocols.swift in Sources */ = {isa = PBXBuildFile; fileRef = 2E88749E28DF56F40012DF93 /* LoginProtocols.swift */; };
		2E8874A128DF57E30012DF93 /* LoginInteractor.swift in Sources */ = {isa = PBXBuildFile; fileRef = 2E8874A028DF57E30012DF93 /* LoginInteractor.swift */; };
		2E8874A428DF58C20012DF93 /* ApiServiceProtocol.swift in Sources */ = {isa = PBXBuildFile; fileRef = 2E8874A328DF58C20012DF93 /* ApiServiceProtocol.swift */; };
		2E8874AC28DF5A7E0012DF93 /* ServiceResponse.swift in Sources */ = {isa = PBXBuildFile; fileRef = 2E8874AB28DF5A7E0012DF93 /* ServiceResponse.swift */; };
		2E8874AF28DF5AAE0012DF93 /* ApiResponseError.swift in Sources */ = {isa = PBXBuildFile; fileRef = 2E8874AE28DF5AAE0012DF93 /* ApiResponseError.swift */; };
		2E8874B128DF68CC0012DF93 /* LoginPresenter.swift in Sources */ = {isa = PBXBuildFile; fileRef = 2E8874B028DF68CC0012DF93 /* LoginPresenter.swift */; };
		2E8874B328DF6AA90012DF93 /* LoginRouter.swift in Sources */ = {isa = PBXBuildFile; fileRef = 2E8874B228DF6AA90012DF93 /* LoginRouter.swift */; };
		2E8874B528DF70DC0012DF93 /* ApiService.swift in Sources */ = {isa = PBXBuildFile; fileRef = 2E8874B428DF70DC0012DF93 /* ApiService.swift */; };
		2EA6D84A28E56CE000201C10 /* BannerHeaderView.swift in Sources */ = {isa = PBXBuildFile; fileRef = 2EA6D84928E56CE000201C10 /* BannerHeaderView.swift */; };
		2EB0B0B728E1D0D1008CE1E6 /* BaseButton.swift in Sources */ = {isa = PBXBuildFile; fileRef = 2EB0B0B628E1D0D1008CE1E6 /* BaseButton.swift */; };
		2ED1344B28EAFB8500FE64DC /* SnapKit in Frameworks */ = {isa = PBXBuildFile; productRef = 2ED1344A28EAFB8500FE64DC /* SnapKit */; };
		2ED1344E28EAFBA000FE64DC /* Alamofire in Frameworks */ = {isa = PBXBuildFile; productRef = 2ED1344D28EAFBA000FE64DC /* Alamofire */; };
		2ED1345128EAFBAD00FE64DC /* SwiftyJSON in Frameworks */ = {isa = PBXBuildFile; productRef = 2ED1345028EAFBAD00FE64DC /* SwiftyJSON */; };
		2EF325F528E2C7D0003312CB /* LoadingButton.swift in Sources */ = {isa = PBXBuildFile; fileRef = 2EF325F428E2C7D0003312CB /* LoadingButton.swift */; };
		2EF325FB28E2D819003312CB /* BaseLoadingButton.swift in Sources */ = {isa = PBXBuildFile; fileRef = 2EF325FA28E2D819003312CB /* BaseLoadingButton.swift */; };
		2EF3260628E2FB8D003312CB /* SectionHandler.swift in Sources */ = {isa = PBXBuildFile; fileRef = 2EF3260528E2FB8D003312CB /* SectionHandler.swift */; };
		2EF3260928E2FC2D003312CB /* SectionContainer.swift in Sources */ = {isa = PBXBuildFile; fileRef = 2EF3260828E2FC2D003312CB /* SectionContainer.swift */; };
		2EF3260D28E2FCF9003312CB /* HomeProtocols.swift in Sources */ = {isa = PBXBuildFile; fileRef = 2EF3260C28E2FCF9003312CB /* HomeProtocols.swift */; };
		2EF3260F28E2FDDB003312CB /* HomeConfigurator.swift in Sources */ = {isa = PBXBuildFile; fileRef = 2EF3260E28E2FDDB003312CB /* HomeConfigurator.swift */; };
		2EF3261128E301A6003312CB /* HomeViewController.swift in Sources */ = {isa = PBXBuildFile; fileRef = 2EF3261028E301A6003312CB /* HomeViewController.swift */; };
		2EF3261428E30588003312CB /* HomeView.swift in Sources */ = {isa = PBXBuildFile; fileRef = 2EF3261328E30588003312CB /* HomeView.swift */; };
		2EF3261828E30909003312CB /* HomeInteractor.swift in Sources */ = {isa = PBXBuildFile; fileRef = 2EF3261728E30909003312CB /* HomeInteractor.swift */; };
		2EF3261A28E30A45003312CB /* HomePresenter.swift in Sources */ = {isa = PBXBuildFile; fileRef = 2EF3261928E30A45003312CB /* HomePresenter.swift */; };
		2EF3261C28E30A9C003312CB /* HomeRouting.swift in Sources */ = {isa = PBXBuildFile; fileRef = 2EF3261B28E30A9C003312CB /* HomeRouting.swift */; };
		2EF3261F28E30E6C003312CB /* TableViewCell.swift in Sources */ = {isa = PBXBuildFile; fileRef = 2EF3261E28E30E6C003312CB /* TableViewCell.swift */; };
		2EF3262128E30FEC003312CB /* ProductsTableCell.swift in Sources */ = {isa = PBXBuildFile; fileRef = 2EF3262028E30FEC003312CB /* ProductsTableCell.swift */; };
/* End PBXBuildFile section */

/* Begin PBXContainerItemProxy section */
		2E782FCD28DC5564003C102B /* PBXContainerItemProxy */ = {
			isa = PBXContainerItemProxy;
			containerPortal = 2E782FAE28DC5563003C102B /* Project object */;
			proxyType = 1;
			remoteGlobalIDString = 2E782FB528DC5563003C102B;
			remoteInfo = Labrand;
		};
		2E782FD728DC5564003C102B /* PBXContainerItemProxy */ = {
			isa = PBXContainerItemProxy;
			containerPortal = 2E782FAE28DC5563003C102B /* Project object */;
			proxyType = 1;
			remoteGlobalIDString = 2E782FB528DC5563003C102B;
			remoteInfo = Labrand;
		};
/* End PBXContainerItemProxy section */

/* Begin PBXFileReference section */
		2E35173F28EAE793007D891B /* ProductModel.swift */ = {isa = PBXFileReference; lastKnownFileType = sourcecode.swift; path = ProductModel.swift; sourceTree = "<group>"; };
		2E35174128EAEEC1007D891B /* ProductCollectionItemCell.swift */ = {isa = PBXFileReference; lastKnownFileType = sourcecode.swift; path = ProductCollectionItemCell.swift; sourceTree = "<group>"; };
		2E782FB628DC5563003C102B /* Labrand.app */ = {isa = PBXFileReference; explicitFileType = wrapper.application; includeInIndex = 0; path = Labrand.app; sourceTree = BUILT_PRODUCTS_DIR; };
		2E782FB928DC5563003C102B /* AppDelegate.swift */ = {isa = PBXFileReference; lastKnownFileType = sourcecode.swift; path = AppDelegate.swift; sourceTree = "<group>"; };
		2E782FBB28DC5563003C102B /* SceneDelegate.swift */ = {isa = PBXFileReference; lastKnownFileType = sourcecode.swift; path = SceneDelegate.swift; sourceTree = "<group>"; };
		2E782FC228DC5564003C102B /* Assets.xcassets */ = {isa = PBXFileReference; lastKnownFileType = folder.assetcatalog; path = Assets.xcassets; sourceTree = "<group>"; };
		2E782FC528DC5564003C102B /* Base */ = {isa = PBXFileReference; lastKnownFileType = file.storyboard; name = Base; path = Base.lproj/LaunchScreen.storyboard; sourceTree = "<group>"; };
		2E782FC728DC5564003C102B /* Info.plist */ = {isa = PBXFileReference; lastKnownFileType = text.plist.xml; path = Info.plist; sourceTree = "<group>"; };
		2E782FCC28DC5564003C102B /* LabrandTests.xctest */ = {isa = PBXFileReference; explicitFileType = wrapper.cfbundle; includeInIndex = 0; path = LabrandTests.xctest; sourceTree = BUILT_PRODUCTS_DIR; };
		2E782FD028DC5564003C102B /* LabrandTests.swift */ = {isa = PBXFileReference; lastKnownFileType = sourcecode.swift; path = LabrandTests.swift; sourceTree = "<group>"; };
		2E782FD628DC5564003C102B /* LabrandUITests.xctest */ = {isa = PBXFileReference; explicitFileType = wrapper.cfbundle; includeInIndex = 0; path = LabrandUITests.xctest; sourceTree = BUILT_PRODUCTS_DIR; };
		2E782FDA28DC5564003C102B /* LabrandUITests.swift */ = {isa = PBXFileReference; lastKnownFileType = sourcecode.swift; path = LabrandUITests.swift; sourceTree = "<group>"; };
		2E782FDC28DC5564003C102B /* LabrandUITestsLaunchTests.swift */ = {isa = PBXFileReference; lastKnownFileType = sourcecode.swift; path = LabrandUITestsLaunchTests.swift; sourceTree = "<group>"; };
		2E782FEB28DC59A5003C102B /* Metropolis-Bold.otf */ = {isa = PBXFileReference; lastKnownFileType = file; path = "Metropolis-Bold.otf"; sourceTree = "<group>"; };
		2E782FEC28DC59A5003C102B /* Metropolis-Thin.otf */ = {isa = PBXFileReference; lastKnownFileType = file; path = "Metropolis-Thin.otf"; sourceTree = "<group>"; };
		2E782FED28DC59A5003C102B /* Metropolis-Light.otf */ = {isa = PBXFileReference; lastKnownFileType = file; path = "Metropolis-Light.otf"; sourceTree = "<group>"; };
		2E782FEE28DC59A5003C102B /* Metropolis-Regular.otf */ = {isa = PBXFileReference; lastKnownFileType = file; path = "Metropolis-Regular.otf"; sourceTree = "<group>"; };
		2E782FEF28DC59A5003C102B /* Metropolis-Black.otf */ = {isa = PBXFileReference; lastKnownFileType = file; path = "Metropolis-Black.otf"; sourceTree = "<group>"; };
		2E782FF028DC59A5003C102B /* Metropolis-Medium.otf */ = {isa = PBXFileReference; lastKnownFileType = file; path = "Metropolis-Medium.otf"; sourceTree = "<group>"; };
		2E782FF128DC59A5003C102B /* Metropolis-SemiBold.otf */ = {isa = PBXFileReference; lastKnownFileType = file; path = "Metropolis-SemiBold.otf"; sourceTree = "<group>"; };
		2E782FFA28DC5A62003C102B /* UIFont-extension.swift */ = {isa = PBXFileReference; fileEncoding = 4; lastKnownFileType = sourcecode.swift; path = "UIFont-extension.swift"; sourceTree = "<group>"; };
		2E78300028DC6314003C102B /* UIColor.swift */ = {isa = PBXFileReference; lastKnownFileType = sourcecode.swift; path = UIColor.swift; sourceTree = "<group>"; };
		2E78300228DC632E003C102B /* AssetColors.swift */ = {isa = PBXFileReference; lastKnownFileType = sourcecode.swift; path = AssetColors.swift; sourceTree = "<group>"; };
		2E78300528DC636C003C102B /* AppInfo.swift */ = {isa = PBXFileReference; lastKnownFileType = sourcecode.swift; path = AppInfo.swift; sourceTree = "<group>"; };
		2E78300728DC6443003C102B /* GCDUtils.swift */ = {isa = PBXFileReference; lastKnownFileType = sourcecode.swift; path = GCDUtils.swift; sourceTree = "<group>"; };
		2E78300928DC6541003C102B /* KeyboardService.swift */ = {isa = PBXFileReference; lastKnownFileType = sourcecode.swift; path = KeyboardService.swift; sourceTree = "<group>"; };
		2E78300D28DC66F5003C102B /* AppService.swift */ = {isa = PBXFileReference; lastKnownFileType = sourcecode.swift; path = AppService.swift; sourceTree = "<group>"; };
		2E78301028DC6769003C102B /* Constant.swift */ = {isa = PBXFileReference; lastKnownFileType = sourcecode.swift; path = Constant.swift; sourceTree = "<group>"; };
		2E78301528DC6936003C102B /* LaunchScreenViewController.swift */ = {isa = PBXFileReference; lastKnownFileType = sourcecode.swift; path = LaunchScreenViewController.swift; sourceTree = "<group>"; };
		2E78301928DC7D0E003C102B /* BaseViewController.swift */ = {isa = PBXFileReference; lastKnownFileType = sourcecode.swift; path = BaseViewController.swift; sourceTree = "<group>"; };
		2E78301C28DC7FA4003C102B /* UIColor-extension.swift */ = {isa = PBXFileReference; lastKnownFileType = sourcecode.swift; path = "UIColor-extension.swift"; sourceTree = "<group>"; };
		2E78302028DC848C003C102B /* BaseNavigationController.swift */ = {isa = PBXFileReference; lastKnownFileType = sourcecode.swift; path = BaseNavigationController.swift; sourceTree = "<group>"; };
		2E78302228DC8679003C102B /* UIView-extension.swift */ = {isa = PBXFileReference; lastKnownFileType = sourcecode.swift; path = "UIView-extension.swift"; sourceTree = "<group>"; };
		2E78302428DC8702003C102B /* UITableViewCell-extension.swift */ = {isa = PBXFileReference; lastKnownFileType = sourcecode.swift; path = "UITableViewCell-extension.swift"; sourceTree = "<group>"; };
		2E78302628DC873F003C102B /* NSMutableAttributedString-extension.swift */ = {isa = PBXFileReference; lastKnownFileType = sourcecode.swift; path = "NSMutableAttributedString-extension.swift"; sourceTree = "<group>"; };
		2E78302828DC8793003C102B /* String+extension.swift */ = {isa = PBXFileReference; lastKnownFileType = sourcecode.swift; path = "String+extension.swift"; sourceTree = "<group>"; };
		2E78302A28DC87CD003C102B /* Alert.swift */ = {isa = PBXFileReference; lastKnownFileType = sourcecode.swift; path = Alert.swift; sourceTree = "<group>"; };
		2E78302C28DC87FB003C102B /* UIViewController+extension.swift */ = {isa = PBXFileReference; lastKnownFileType = sourcecode.swift; path = "UIViewController+extension.swift"; sourceTree = "<group>"; };
		2E78302E28DC882F003C102B /* TabBarController-extension.swift */ = {isa = PBXFileReference; lastKnownFileType = sourcecode.swift; path = "TabBarController-extension.swift"; sourceTree = "<group>"; };
		2E78303028DC886A003C102B /* UITextField-extension.swift */ = {isa = PBXFileReference; lastKnownFileType = sourcecode.swift; path = "UITextField-extension.swift"; sourceTree = "<group>"; };
		2E78303228DC88C3003C102B /* UIApplicationExtension.swift */ = {isa = PBXFileReference; lastKnownFileType = sourcecode.swift; path = UIApplicationExtension.swift; sourceTree = "<group>"; };
		2E78303928DD8F8C003C102B /* Button.swift */ = {isa = PBXFileReference; lastKnownFileType = sourcecode.swift; path = Button.swift; sourceTree = "<group>"; };
		2E78303B28DD8FED003C102B /* UIButton-extension.swift */ = {isa = PBXFileReference; lastKnownFileType = sourcecode.swift; path = "UIButton-extension.swift"; sourceTree = "<group>"; };
		2E78303D28DD95B7003C102B /* LoginView.swift */ = {isa = PBXFileReference; lastKnownFileType = sourcecode.swift; path = LoginView.swift; sourceTree = "<group>"; };
		2E78303F28DDBA27003C102B /* BaseView.swift */ = {isa = PBXFileReference; lastKnownFileType = sourcecode.swift; path = BaseView.swift; sourceTree = "<group>"; };
		2E78304128DDBA40003C102B /* LoaderView.swift */ = {isa = PBXFileReference; lastKnownFileType = sourcecode.swift; path = LoaderView.swift; sourceTree = "<group>"; };
		2E78304728DDBC17003C102B /* CustomActivityIndicatorView.swift */ = {isa = PBXFileReference; lastKnownFileType = sourcecode.swift; path = CustomActivityIndicatorView.swift; sourceTree = "<group>"; };
		2E78306528DF3E00003C102B /* AuthTextField.swift */ = {isa = PBXFileReference; lastKnownFileType = sourcecode.swift; path = AuthTextField.swift; sourceTree = "<group>"; };
		2E78306728DF3F25003C102B /* Enums.swift */ = {isa = PBXFileReference; lastKnownFileType = sourcecode.swift; path = Enums.swift; sourceTree = "<group>"; };
		2E88749928DF55C60012DF93 /* LoginViewController.swift */ = {isa = PBXFileReference; lastKnownFileType = sourcecode.swift; path = LoginViewController.swift; sourceTree = "<group>"; };
		2E88749C28DF56860012DF93 /* LoginConfigurator.swift */ = {isa = PBXFileReference; lastKnownFileType = sourcecode.swift; path = LoginConfigurator.swift; sourceTree = "<group>"; };
		2E88749E28DF56F40012DF93 /* LoginProtocols.swift */ = {isa = PBXFileReference; lastKnownFileType = sourcecode.swift; path = LoginProtocols.swift; sourceTree = "<group>"; };
		2E8874A028DF57E30012DF93 /* LoginInteractor.swift */ = {isa = PBXFileReference; lastKnownFileType = sourcecode.swift; path = LoginInteractor.swift; sourceTree = "<group>"; };
		2E8874A328DF58C20012DF93 /* ApiServiceProtocol.swift */ = {isa = PBXFileReference; lastKnownFileType = sourcecode.swift; path = ApiServiceProtocol.swift; sourceTree = "<group>"; };
		2E8874AB28DF5A7E0012DF93 /* ServiceResponse.swift */ = {isa = PBXFileReference; lastKnownFileType = sourcecode.swift; path = ServiceResponse.swift; sourceTree = "<group>"; };
		2E8874AE28DF5AAE0012DF93 /* ApiResponseError.swift */ = {isa = PBXFileReference; lastKnownFileType = sourcecode.swift; path = ApiResponseError.swift; sourceTree = "<group>"; };
		2E8874B028DF68CC0012DF93 /* LoginPresenter.swift */ = {isa = PBXFileReference; lastKnownFileType = sourcecode.swift; path = LoginPresenter.swift; sourceTree = "<group>"; };
		2E8874B228DF6AA90012DF93 /* LoginRouter.swift */ = {isa = PBXFileReference; lastKnownFileType = sourcecode.swift; path = LoginRouter.swift; sourceTree = "<group>"; };
		2E8874B428DF70DC0012DF93 /* ApiService.swift */ = {isa = PBXFileReference; lastKnownFileType = sourcecode.swift; path = ApiService.swift; sourceTree = "<group>"; };
		2EA6D84928E56CE000201C10 /* BannerHeaderView.swift */ = {isa = PBXFileReference; lastKnownFileType = sourcecode.swift; path = BannerHeaderView.swift; sourceTree = "<group>"; };
		2EB0B0B628E1D0D1008CE1E6 /* BaseButton.swift */ = {isa = PBXFileReference; lastKnownFileType = sourcecode.swift; path = BaseButton.swift; sourceTree = "<group>"; };
		2EF325F428E2C7D0003312CB /* LoadingButton.swift */ = {isa = PBXFileReference; lastKnownFileType = sourcecode.swift; path = LoadingButton.swift; sourceTree = "<group>"; };
		2EF325FA28E2D819003312CB /* BaseLoadingButton.swift */ = {isa = PBXFileReference; lastKnownFileType = sourcecode.swift; path = BaseLoadingButton.swift; sourceTree = "<group>"; };
		2EF3260528E2FB8D003312CB /* SectionHandler.swift */ = {isa = PBXFileReference; lastKnownFileType = sourcecode.swift; path = SectionHandler.swift; sourceTree = "<group>"; };
		2EF3260828E2FC2D003312CB /* SectionContainer.swift */ = {isa = PBXFileReference; lastKnownFileType = sourcecode.swift; path = SectionContainer.swift; sourceTree = "<group>"; };
		2EF3260C28E2FCF9003312CB /* HomeProtocols.swift */ = {isa = PBXFileReference; lastKnownFileType = sourcecode.swift; path = HomeProtocols.swift; sourceTree = "<group>"; };
		2EF3260E28E2FDDB003312CB /* HomeConfigurator.swift */ = {isa = PBXFileReference; lastKnownFileType = sourcecode.swift; path = HomeConfigurator.swift; sourceTree = "<group>"; };
		2EF3261028E301A6003312CB /* HomeViewController.swift */ = {isa = PBXFileReference; lastKnownFileType = sourcecode.swift; path = HomeViewController.swift; sourceTree = "<group>"; };
		2EF3261328E30588003312CB /* HomeView.swift */ = {isa = PBXFileReference; lastKnownFileType = sourcecode.swift; path = HomeView.swift; sourceTree = "<group>"; };
		2EF3261728E30909003312CB /* HomeInteractor.swift */ = {isa = PBXFileReference; lastKnownFileType = sourcecode.swift; path = HomeInteractor.swift; sourceTree = "<group>"; };
		2EF3261928E30A45003312CB /* HomePresenter.swift */ = {isa = PBXFileReference; lastKnownFileType = sourcecode.swift; path = HomePresenter.swift; sourceTree = "<group>"; };
		2EF3261B28E30A9C003312CB /* HomeRouting.swift */ = {isa = PBXFileReference; lastKnownFileType = sourcecode.swift; path = HomeRouting.swift; sourceTree = "<group>"; };
		2EF3261E28E30E6C003312CB /* TableViewCell.swift */ = {isa = PBXFileReference; lastKnownFileType = sourcecode.swift; path = TableViewCell.swift; sourceTree = "<group>"; };
		2EF3262028E30FEC003312CB /* ProductsTableCell.swift */ = {isa = PBXFileReference; lastKnownFileType = sourcecode.swift; path = ProductsTableCell.swift; sourceTree = "<group>"; };
/* End PBXFileReference section */

/* Begin PBXFrameworksBuildPhase section */
		2E782FB328DC5563003C102B /* Frameworks */ = {
			isa = PBXFrameworksBuildPhase;
			buildActionMask = 2147483647;
			files = (
				2ED1345128EAFBAD00FE64DC /* SwiftyJSON in Frameworks */,
				2ED1344B28EAFB8500FE64DC /* SnapKit in Frameworks */,
				2ED1344E28EAFBA000FE64DC /* Alamofire in Frameworks */,
			);
			runOnlyForDeploymentPostprocessing = 0;
		};
		2E782FC928DC5564003C102B /* Frameworks */ = {
			isa = PBXFrameworksBuildPhase;
			buildActionMask = 2147483647;
			files = (
			);
			runOnlyForDeploymentPostprocessing = 0;
		};
		2E782FD328DC5564003C102B /* Frameworks */ = {
			isa = PBXFrameworksBuildPhase;
			buildActionMask = 2147483647;
			files = (
			);
			runOnlyForDeploymentPostprocessing = 0;
		};
/* End PBXFrameworksBuildPhase section */

/* Begin PBXGroup section */
		2E782FAD28DC5563003C102B = {
			isa = PBXGroup;
			children = (
				2E782FB828DC5563003C102B /* Labrand */,
				2E782FCF28DC5564003C102B /* LabrandTests */,
				2E782FD928DC5564003C102B /* LabrandUITests */,
				2E782FB728DC5563003C102B /* Products */,
			);
			sourceTree = "<group>";
		};
		2E782FB728DC5563003C102B /* Products */ = {
			isa = PBXGroup;
			children = (
				2E782FB628DC5563003C102B /* Labrand.app */,
				2E782FCC28DC5564003C102B /* LabrandTests.xctest */,
				2E782FD628DC5564003C102B /* LabrandUITests.xctest */,
			);
			name = Products;
			sourceTree = "<group>";
		};
		2E782FB828DC5563003C102B /* Labrand */ = {
			isa = PBXGroup;
			children = (
				2E78301328DC6824003C102B /* AppDelegate */,
				2E78301428DC68A2003C102B /* Launch */,
				2E78301728DC6DCF003C102B /* Screens */,
				2E782FFE28DC62CC003C102B /* Generics */,
				2E782FFC28DC626C003C102B /* Models */,
				2E78301228DC67E5003C102B /* ApiService */,
				2E782FF928DC5A4F003C102B /* Extensions */,
				2E782FE928DC5983003C102B /* Resources */,
			);
			path = Labrand;
			sourceTree = "<group>";
		};
		2E782FCF28DC5564003C102B /* LabrandTests */ = {
			isa = PBXGroup;
			children = (
				2E782FD028DC5564003C102B /* LabrandTests.swift */,
			);
			path = LabrandTests;
			sourceTree = "<group>";
		};
		2E782FD928DC5564003C102B /* LabrandUITests */ = {
			isa = PBXGroup;
			children = (
				2E782FDA28DC5564003C102B /* LabrandUITests.swift */,
				2E782FDC28DC5564003C102B /* LabrandUITestsLaunchTests.swift */,
			);
			path = LabrandUITests;
			sourceTree = "<group>";
		};
		2E782FE928DC5983003C102B /* Resources */ = {
			isa = PBXGroup;
			children = (
				2E782FEA28DC59A5003C102B /* Font */,
				2E782FC228DC5564003C102B /* Assets.xcassets */,
				2E782FC728DC5564003C102B /* Info.plist */,
			);
			path = Resources;
			sourceTree = "<group>";
		};
		2E782FEA28DC59A5003C102B /* Font */ = {
			isa = PBXGroup;
			children = (
				2E782FEB28DC59A5003C102B /* Metropolis-Bold.otf */,
				2E782FEC28DC59A5003C102B /* Metropolis-Thin.otf */,
				2E782FED28DC59A5003C102B /* Metropolis-Light.otf */,
				2E782FEE28DC59A5003C102B /* Metropolis-Regular.otf */,
				2E782FEF28DC59A5003C102B /* Metropolis-Black.otf */,
				2E782FF028DC59A5003C102B /* Metropolis-Medium.otf */,
				2E782FF128DC59A5003C102B /* Metropolis-SemiBold.otf */,
			);
			path = Font;
			sourceTree = "<group>";
		};
		2E782FF928DC5A4F003C102B /* Extensions */ = {
			isa = PBXGroup;
			children = (
				2E78301B28DC7F7F003C102B /* UIColor */,
				2E782FFA28DC5A62003C102B /* UIFont-extension.swift */,
				2E78302228DC8679003C102B /* UIView-extension.swift */,
				2E78302428DC8702003C102B /* UITableViewCell-extension.swift */,
				2E78302628DC873F003C102B /* NSMutableAttributedString-extension.swift */,
				2E78302828DC8793003C102B /* String+extension.swift */,
				2E78302C28DC87FB003C102B /* UIViewController+extension.swift */,
				2E78302E28DC882F003C102B /* TabBarController-extension.swift */,
				2E78302A28DC87CD003C102B /* Alert.swift */,
				2E78303028DC886A003C102B /* UITextField-extension.swift */,
				2E78303228DC88C3003C102B /* UIApplicationExtension.swift */,
				2E78303B28DD8FED003C102B /* UIButton-extension.swift */,
			);
			path = Extensions;
			sourceTree = "<group>";
		};
		2E782FFC28DC626C003C102B /* Models */ = {
			isa = PBXGroup;
			children = (
				2E782FFD28DC6278003C102B /* Codable-Modals */,
			);
			path = Models;
			sourceTree = "<group>";
		};
		2E782FFD28DC6278003C102B /* Codable-Modals */ = {
			isa = PBXGroup;
			children = (
				2E35173F28EAE793007D891B /* ProductModel.swift */,
			);
			path = "Codable-Modals";
			sourceTree = "<group>";
		};
		2E782FFE28DC62CC003C102B /* Generics */ = {
			isa = PBXGroup;
			children = (
				2E782FFF28DC62FF003C102B /* UIColor */,
				2E78300428DC635A003C102B /* Tools */,
				2E78300B28DC65C9003C102B /* Customs */,
				2EF325F328E2C7AC003312CB /* Libraries */,
				2E8874A228DF589F0012DF93 /* Protocols */,
				2E78300C28DC66D9003C102B /* AppService */,
				2E78300F28DC6755003C102B /* Constant */,
				2EF3260728E2FC14003312CB /* SectionContainer */,
			);
			path = Generics;
			sourceTree = "<group>";
		};
		2E782FFF28DC62FF003C102B /* UIColor */ = {
			isa = PBXGroup;
			children = (
				2E78300028DC6314003C102B /* UIColor.swift */,
				2E78300228DC632E003C102B /* AssetColors.swift */,
			);
			path = UIColor;
			sourceTree = "<group>";
		};
		2E78300428DC635A003C102B /* Tools */ = {
			isa = PBXGroup;
			children = (
				2E78300528DC636C003C102B /* AppInfo.swift */,
				2E78300728DC6443003C102B /* GCDUtils.swift */,
				2E78300928DC6541003C102B /* KeyboardService.swift */,
			);
			path = Tools;
			sourceTree = "<group>";
		};
		2E78300B28DC65C9003C102B /* Customs */ = {
			isa = PBXGroup;
			children = (
				2E78304328DDBA7A003C102B /* LoadingViews */,
				2E78303928DD8F8C003C102B /* Button.swift */,
				2E78306528DF3E00003C102B /* AuthTextField.swift */,
				2EB0B0B628E1D0D1008CE1E6 /* BaseButton.swift */,
				2EF325FA28E2D819003312CB /* BaseLoadingButton.swift */,
				2EF3261E28E30E6C003312CB /* TableViewCell.swift */,
			);
			path = Customs;
			sourceTree = "<group>";
		};
		2E78300C28DC66D9003C102B /* AppService */ = {
			isa = PBXGroup;
			children = (
				2E78300D28DC66F5003C102B /* AppService.swift */,
			);
			path = AppService;
			sourceTree = "<group>";
		};
		2E78300F28DC6755003C102B /* Constant */ = {
			isa = PBXGroup;
			children = (
				2E78301028DC6769003C102B /* Constant.swift */,
				2E78306728DF3F25003C102B /* Enums.swift */,
			);
			path = Constant;
			sourceTree = "<group>";
		};
		2E78301228DC67E5003C102B /* ApiService */ = {
			isa = PBXGroup;
			children = (
				2E8874AD28DF5AAA0012DF93 /* ApiResponseError */,
				2E8874AB28DF5A7E0012DF93 /* ServiceResponse.swift */,
				2E8874B428DF70DC0012DF93 /* ApiService.swift */,
			);
			path = ApiService;
			sourceTree = "<group>";
		};
		2E78301328DC6824003C102B /* AppDelegate */ = {
			isa = PBXGroup;
			children = (
				2E782FBB28DC5563003C102B /* SceneDelegate.swift */,
				2E782FB928DC5563003C102B /* AppDelegate.swift */,
			);
			path = AppDelegate;
			sourceTree = "<group>";
		};
		2E78301428DC68A2003C102B /* Launch */ = {
			isa = PBXGroup;
			children = (
				2E782FC428DC5564003C102B /* LaunchScreen.storyboard */,
				2E78301528DC6936003C102B /* LaunchScreenViewController.swift */,
			);
			path = Launch;
			sourceTree = "<group>";
		};
		2E78301728DC6DCF003C102B /* Screens */ = {
			isa = PBXGroup;
			children = (
				2E78303528DD8E48003C102B /* Auth */,
				2EF3260A28E2FCC1003312CB /* Home */,
				2E78301828DC7CF7003C102B /* Base */,
			);
			path = Screens;
			sourceTree = "<group>";
		};
		2E78301828DC7CF7003C102B /* Base */ = {
			isa = PBXGroup;
			children = (
				2E78303428DD8CCC003C102B /* BaseView */,
				2E78301E28DC842F003C102B /* BaseController */,
				2E78301F28DC843A003C102B /* BaseNavigation */,
			);
			path = Base;
			sourceTree = "<group>";
		};
		2E78301B28DC7F7F003C102B /* UIColor */ = {
			isa = PBXGroup;
			children = (
				2E78301C28DC7FA4003C102B /* UIColor-extension.swift */,
			);
			path = UIColor;
			sourceTree = "<group>";
		};
		2E78301E28DC842F003C102B /* BaseController */ = {
			isa = PBXGroup;
			children = (
				2E78301928DC7D0E003C102B /* BaseViewController.swift */,
			);
			path = BaseController;
			sourceTree = "<group>";
		};
		2E78301F28DC843A003C102B /* BaseNavigation */ = {
			isa = PBXGroup;
			children = (
				2E78302028DC848C003C102B /* BaseNavigationController.swift */,
			);
			path = BaseNavigation;
			sourceTree = "<group>";
		};
		2E78303428DD8CCC003C102B /* BaseView */ = {
			isa = PBXGroup;
			children = (
				2E78303F28DDBA27003C102B /* BaseView.swift */,
				2E78304128DDBA40003C102B /* LoaderView.swift */,
			);
			path = BaseView;
			sourceTree = "<group>";
		};
		2E78303528DD8E48003C102B /* Auth */ = {
			isa = PBXGroup;
			children = (
				2EF325FC28E2DF90003312CB /* Login */,
			);
			path = Auth;
			sourceTree = "<group>";
		};
		2E78303628DD8E60003C102B /* View */ = {
			isa = PBXGroup;
			children = (
				2E78303D28DD95B7003C102B /* LoginView.swift */,
			);
			path = View;
			sourceTree = "<group>";
		};
		2E78304328DDBA7A003C102B /* LoadingViews */ = {
			isa = PBXGroup;
			children = (
				2E78304728DDBC17003C102B /* CustomActivityIndicatorView.swift */,
			);
			path = LoadingViews;
			sourceTree = "<group>";
		};
		2E88749B28DF565E0012DF93 /* Configuration */ = {
			isa = PBXGroup;
			children = (
				2E88749C28DF56860012DF93 /* LoginConfigurator.swift */,
				2E88749E28DF56F40012DF93 /* LoginProtocols.swift */,
			);
			path = Configuration;
			sourceTree = "<group>";
		};
		2E8874A228DF589F0012DF93 /* Protocols */ = {
			isa = PBXGroup;
			children = (
				2E8874A328DF58C20012DF93 /* ApiServiceProtocol.swift */,
				2EF3260528E2FB8D003312CB /* SectionHandler.swift */,
			);
			path = Protocols;
			sourceTree = "<group>";
		};
		2E8874AD28DF5AAA0012DF93 /* ApiResponseError */ = {
			isa = PBXGroup;
			children = (
				2E8874AE28DF5AAE0012DF93 /* ApiResponseError.swift */,
			);
			path = ApiResponseError;
			sourceTree = "<group>";
		};
		2EF325F328E2C7AC003312CB /* Libraries */ = {
			isa = PBXGroup;
			children = (
				2EF325F428E2C7D0003312CB /* LoadingButton.swift */,
			);
			path = Libraries;
			sourceTree = "<group>";
		};
		2EF325FC28E2DF90003312CB /* Login */ = {
			isa = PBXGroup;
			children = (
				2E88749B28DF565E0012DF93 /* Configuration */,
				2E78303628DD8E60003C102B /* View */,
				2E88749928DF55C60012DF93 /* LoginViewController.swift */,
				2E8874A028DF57E30012DF93 /* LoginInteractor.swift */,
				2E8874B028DF68CC0012DF93 /* LoginPresenter.swift */,
				2E8874B228DF6AA90012DF93 /* LoginRouter.swift */,
			);
			path = Login;
			sourceTree = "<group>";
		};
		2EF3260728E2FC14003312CB /* SectionContainer */ = {
			isa = PBXGroup;
			children = (
				2EF3260828E2FC2D003312CB /* SectionContainer.swift */,
			);
			path = SectionContainer;
			sourceTree = "<group>";
		};
		2EF3260A28E2FCC1003312CB /* Home */ = {
			isa = PBXGroup;
			children = (
				2EF3261228E3057B003312CB /* View */,
				2EF3260B28E2FCE8003312CB /* Configuration */,
				2EF3261D28E30DF7003312CB /* Cell */,
				2EF3261028E301A6003312CB /* HomeViewController.swift */,
				2EF3261728E30909003312CB /* HomeInteractor.swift */,
				2EF3261928E30A45003312CB /* HomePresenter.swift */,
				2EF3261B28E30A9C003312CB /* HomeRouting.swift */,
			);
			path = Home;
			sourceTree = "<group>";
		};
		2EF3260B28E2FCE8003312CB /* Configuration */ = {
			isa = PBXGroup;
			children = (
				2EF3260C28E2FCF9003312CB /* HomeProtocols.swift */,
				2EF3260E28E2FDDB003312CB /* HomeConfigurator.swift */,
			);
			path = Configuration;
			sourceTree = "<group>";
		};
		2EF3261228E3057B003312CB /* View */ = {
			isa = PBXGroup;
			children = (
				2EF3261328E30588003312CB /* HomeView.swift */,
				2EA6D84928E56CE000201C10 /* BannerHeaderView.swift */,
			);
			path = View;
			sourceTree = "<group>";
		};
		2EF3261D28E30DF7003312CB /* Cell */ = {
			isa = PBXGroup;
			children = (
				2EF3262028E30FEC003312CB /* ProductsTableCell.swift */,
				2E35174128EAEEC1007D891B /* ProductCollectionItemCell.swift */,
			);
			path = Cell;
			sourceTree = "<group>";
		};
/* End PBXGroup section */

/* Begin PBXNativeTarget section */
		2E782FB528DC5563003C102B /* Labrand */ = {
			isa = PBXNativeTarget;
			buildConfigurationList = 2E782FE028DC5564003C102B /* Build configuration list for PBXNativeTarget "Labrand" */;
			buildPhases = (
				2E782FB228DC5563003C102B /* Sources */,
				2E782FB328DC5563003C102B /* Frameworks */,
				2E782FB428DC5563003C102B /* Resources */,
			);
			buildRules = (
			);
			dependencies = (
			);
			name = Labrand;
			packageProductDependencies = (
				2ED1344A28EAFB8500FE64DC /* SnapKit */,
				2ED1344D28EAFBA000FE64DC /* Alamofire */,
				2ED1345028EAFBAD00FE64DC /* SwiftyJSON */,
			);
			productName = Labrand;
			productReference = 2E782FB628DC5563003C102B /* Labrand.app */;
			productType = "com.apple.product-type.application";
		};
		2E782FCB28DC5564003C102B /* LabrandTests */ = {
			isa = PBXNativeTarget;
			buildConfigurationList = 2E782FE328DC5564003C102B /* Build configuration list for PBXNativeTarget "LabrandTests" */;
			buildPhases = (
				2E782FC828DC5564003C102B /* Sources */,
				2E782FC928DC5564003C102B /* Frameworks */,
				2E782FCA28DC5564003C102B /* Resources */,
			);
			buildRules = (
			);
			dependencies = (
				2E782FCE28DC5564003C102B /* PBXTargetDependency */,
			);
			name = LabrandTests;
			productName = LabrandTests;
			productReference = 2E782FCC28DC5564003C102B /* LabrandTests.xctest */;
			productType = "com.apple.product-type.bundle.unit-test";
		};
		2E782FD528DC5564003C102B /* LabrandUITests */ = {
			isa = PBXNativeTarget;
			buildConfigurationList = 2E782FE628DC5564003C102B /* Build configuration list for PBXNativeTarget "LabrandUITests" */;
			buildPhases = (
				2E782FD228DC5564003C102B /* Sources */,
				2E782FD328DC5564003C102B /* Frameworks */,
				2E782FD428DC5564003C102B /* Resources */,
			);
			buildRules = (
			);
			dependencies = (
				2E782FD828DC5564003C102B /* PBXTargetDependency */,
			);
			name = LabrandUITests;
			productName = LabrandUITests;
			productReference = 2E782FD628DC5564003C102B /* LabrandUITests.xctest */;
			productType = "com.apple.product-type.bundle.ui-testing";
		};
/* End PBXNativeTarget section */

/* Begin PBXProject section */
		2E782FAE28DC5563003C102B /* Project object */ = {
			isa = PBXProject;
			attributes = {
				BuildIndependentTargetsInParallel = 1;
				LastSwiftUpdateCheck = 1400;
				LastUpgradeCheck = 1400;
				TargetAttributes = {
					2E782FB528DC5563003C102B = {
						CreatedOnToolsVersion = 14.0;
					};
					2E782FCB28DC5564003C102B = {
						CreatedOnToolsVersion = 14.0;
						TestTargetID = 2E782FB528DC5563003C102B;
					};
					2E782FD528DC5564003C102B = {
						CreatedOnToolsVersion = 14.0;
						TestTargetID = 2E782FB528DC5563003C102B;
					};
				};
			};
			buildConfigurationList = 2E782FB128DC5563003C102B /* Build configuration list for PBXProject "Labrand" */;
			compatibilityVersion = "Xcode 14.0";
			developmentRegion = en;
			hasScannedForEncodings = 0;
			knownRegions = (
				en,
				Base,
			);
			mainGroup = 2E782FAD28DC5563003C102B;
			packageReferences = (
				2ED1344928EAFB8500FE64DC /* XCRemoteSwiftPackageReference "SnapKit" */,
				2ED1344C28EAFBA000FE64DC /* XCRemoteSwiftPackageReference "Alamofire" */,
				2ED1344F28EAFBAD00FE64DC /* XCRemoteSwiftPackageReference "SwiftyJSON" */,
			);
			productRefGroup = 2E782FB728DC5563003C102B /* Products */;
			projectDirPath = "";
			projectRoot = "";
			targets = (
				2E782FB528DC5563003C102B /* Labrand */,
				2E782FCB28DC5564003C102B /* LabrandTests */,
				2E782FD528DC5564003C102B /* LabrandUITests */,
			);
		};
/* End PBXProject section */

/* Begin PBXResourcesBuildPhase section */
		2E782FB428DC5563003C102B /* Resources */ = {
			isa = PBXResourcesBuildPhase;
			buildActionMask = 2147483647;
			files = (
				2E782FF428DC59A5003C102B /* Metropolis-Light.otf in Resources */,
				2E782FF728DC59A5003C102B /* Metropolis-Medium.otf in Resources */,
				2E782FF328DC59A5003C102B /* Metropolis-Thin.otf in Resources */,
				2E782FC628DC5564003C102B /* LaunchScreen.storyboard in Resources */,
				2E782FF628DC59A5003C102B /* Metropolis-Black.otf in Resources */,
				2E782FF528DC59A5003C102B /* Metropolis-Regular.otf in Resources */,
				2E782FF828DC59A5003C102B /* Metropolis-SemiBold.otf in Resources */,
				2E782FC328DC5564003C102B /* Assets.xcassets in Resources */,
				2E782FF228DC59A5003C102B /* Metropolis-Bold.otf in Resources */,
			);
			runOnlyForDeploymentPostprocessing = 0;
		};
		2E782FCA28DC5564003C102B /* Resources */ = {
			isa = PBXResourcesBuildPhase;
			buildActionMask = 2147483647;
			files = (
			);
			runOnlyForDeploymentPostprocessing = 0;
		};
		2E782FD428DC5564003C102B /* Resources */ = {
			isa = PBXResourcesBuildPhase;
			buildActionMask = 2147483647;
			files = (
			);
			runOnlyForDeploymentPostprocessing = 0;
		};
/* End PBXResourcesBuildPhase section */

/* Begin PBXSourcesBuildPhase section */
		2E782FB228DC5563003C102B /* Sources */ = {
			isa = PBXSourcesBuildPhase;
			buildActionMask = 2147483647;
			files = (
				2E78300A28DC6541003C102B /* KeyboardService.swift in Sources */,
				2E78302728DC873F003C102B /* NSMutableAttributedString-extension.swift in Sources */,
				2EF3262128E30FEC003312CB /* ProductsTableCell.swift in Sources */,
				2E78303328DC88C3003C102B /* UIApplicationExtension.swift in Sources */,
				2EF3261428E30588003312CB /* HomeView.swift in Sources */,
				2E78302328DC8679003C102B /* UIView-extension.swift in Sources */,
				2E35174228EAEEC1007D891B /* ProductCollectionItemCell.swift in Sources */,
				2E78304228DDBA40003C102B /* LoaderView.swift in Sources */,
				2E78301D28DC7FA4003C102B /* UIColor-extension.swift in Sources */,
				2EF3260D28E2FCF9003312CB /* HomeProtocols.swift in Sources */,
				2E78300828DC6443003C102B /* GCDUtils.swift in Sources */,
				2E35174028EAE793007D891B /* ProductModel.swift in Sources */,
				2E78302B28DC87CD003C102B /* Alert.swift in Sources */,
				2EF3261C28E30A9C003312CB /* HomeRouting.swift in Sources */,
				2E782FFB28DC5A62003C102B /* UIFont-extension.swift in Sources */,
				2E78303128DC886A003C102B /* UITextField-extension.swift in Sources */,
				2EB0B0B728E1D0D1008CE1E6 /* BaseButton.swift in Sources */,
				2E78302528DC8702003C102B /* UITableViewCell-extension.swift in Sources */,
				2E78300328DC632E003C102B /* AssetColors.swift in Sources */,
				2E88749A28DF55C60012DF93 /* LoginViewController.swift in Sources */,
				2E78304028DDBA27003C102B /* BaseView.swift in Sources */,
				2E78303C28DD8FED003C102B /* UIButton-extension.swift in Sources */,
				2E78306628DF3E00003C102B /* AuthTextField.swift in Sources */,
				2E78302928DC8793003C102B /* String+extension.swift in Sources */,
				2E78302128DC848C003C102B /* BaseNavigationController.swift in Sources */,
				2E78302F28DC882F003C102B /* TabBarController-extension.swift in Sources */,
				2E78304828DDBC17003C102B /* CustomActivityIndicatorView.swift in Sources */,
				2E8874A428DF58C20012DF93 /* ApiServiceProtocol.swift in Sources */,
				2EF325F528E2C7D0003312CB /* LoadingButton.swift in Sources */,
				2EA6D84A28E56CE000201C10 /* BannerHeaderView.swift in Sources */,
				2E8874B128DF68CC0012DF93 /* LoginPresenter.swift in Sources */,
				2E78303A28DD8F8C003C102B /* Button.swift in Sources */,
				2E78300E28DC66F5003C102B /* AppService.swift in Sources */,
				2E78302D28DC87FB003C102B /* UIViewController+extension.swift in Sources */,
				2E8874A128DF57E30012DF93 /* LoginInteractor.swift in Sources */,
				2E78301A28DC7D0E003C102B /* BaseViewController.swift in Sources */,
				2E782FBA28DC5563003C102B /* AppDelegate.swift in Sources */,
				2E88749F28DF56F40012DF93 /* LoginProtocols.swift in Sources */,
				2EF3261828E30909003312CB /* HomeInteractor.swift in Sources */,
				2EF325FB28E2D819003312CB /* BaseLoadingButton.swift in Sources */,
				2EF3261A28E30A45003312CB /* HomePresenter.swift in Sources */,
				2E8874AC28DF5A7E0012DF93 /* ServiceResponse.swift in Sources */,
				2E78303E28DD95B7003C102B /* LoginView.swift in Sources */,
				2EF3261F28E30E6C003312CB /* TableViewCell.swift in Sources */,
				2EF3260628E2FB8D003312CB /* SectionHandler.swift in Sources */,
				2E782FBC28DC5563003C102B /* SceneDelegate.swift in Sources */,
				2E78301128DC6769003C102B /* Constant.swift in Sources */,
				2E8874AF28DF5AAE0012DF93 /* ApiResponseError.swift in Sources */,
				2E78300128DC6314003C102B /* UIColor.swift in Sources */,
				2EF3261128E301A6003312CB /* HomeViewController.swift in Sources */,
				2E88749D28DF56860012DF93 /* LoginConfigurator.swift in Sources */,
				2E78301628DC6936003C102B /* LaunchScreenViewController.swift in Sources */,
				2E8874B528DF70DC0012DF93 /* ApiService.swift in Sources */,
				2E78306828DF3F25003C102B /* Enums.swift in Sources */,
				2EF3260928E2FC2D003312CB /* SectionContainer.swift in Sources */,
				2EF3260F28E2FDDB003312CB /* HomeConfigurator.swift in Sources */,
				2E8874B328DF6AA90012DF93 /* LoginRouter.swift in Sources */,
				2E78300628DC636C003C102B /* AppInfo.swift in Sources */,
			);
			runOnlyForDeploymentPostprocessing = 0;
		};
		2E782FC828DC5564003C102B /* Sources */ = {
			isa = PBXSourcesBuildPhase;
			buildActionMask = 2147483647;
			files = (
				2E782FD128DC5564003C102B /* LabrandTests.swift in Sources */,
			);
			runOnlyForDeploymentPostprocessing = 0;
		};
		2E782FD228DC5564003C102B /* Sources */ = {
			isa = PBXSourcesBuildPhase;
			buildActionMask = 2147483647;
			files = (
				2E782FDB28DC5564003C102B /* LabrandUITests.swift in Sources */,
				2E782FDD28DC5564003C102B /* LabrandUITestsLaunchTests.swift in Sources */,
			);
			runOnlyForDeploymentPostprocessing = 0;
		};
/* End PBXSourcesBuildPhase section */

/* Begin PBXTargetDependency section */
		2E782FCE28DC5564003C102B /* PBXTargetDependency */ = {
			isa = PBXTargetDependency;
			target = 2E782FB528DC5563003C102B /* Labrand */;
			targetProxy = 2E782FCD28DC5564003C102B /* PBXContainerItemProxy */;
		};
		2E782FD828DC5564003C102B /* PBXTargetDependency */ = {
			isa = PBXTargetDependency;
			target = 2E782FB528DC5563003C102B /* Labrand */;
			targetProxy = 2E782FD728DC5564003C102B /* PBXContainerItemProxy */;
		};
/* End PBXTargetDependency section */

/* Begin PBXVariantGroup section */
		2E782FC428DC5564003C102B /* LaunchScreen.storyboard */ = {
			isa = PBXVariantGroup;
			children = (
				2E782FC528DC5564003C102B /* Base */,
			);
			name = LaunchScreen.storyboard;
			sourceTree = "<group>";
		};
/* End PBXVariantGroup section */

/* Begin XCBuildConfiguration section */
		2E782FDE28DC5564003C102B /* Debug */ = {
			isa = XCBuildConfiguration;
			buildSettings = {
				ALWAYS_SEARCH_USER_PATHS = NO;
				CLANG_ANALYZER_NONNULL = YES;
				CLANG_ANALYZER_NUMBER_OBJECT_CONVERSION = YES_AGGRESSIVE;
				CLANG_CXX_LANGUAGE_STANDARD = "gnu++20";
				CLANG_ENABLE_MODULES = YES;
				CLANG_ENABLE_OBJC_ARC = YES;
				CLANG_ENABLE_OBJC_WEAK = YES;
				CLANG_WARN_BLOCK_CAPTURE_AUTORELEASING = YES;
				CLANG_WARN_BOOL_CONVERSION = YES;
				CLANG_WARN_COMMA = YES;
				CLANG_WARN_CONSTANT_CONVERSION = YES;
				CLANG_WARN_DEPRECATED_OBJC_IMPLEMENTATIONS = YES;
				CLANG_WARN_DIRECT_OBJC_ISA_USAGE = YES_ERROR;
				CLANG_WARN_DOCUMENTATION_COMMENTS = YES;
				CLANG_WARN_EMPTY_BODY = YES;
				CLANG_WARN_ENUM_CONVERSION = YES;
				CLANG_WARN_INFINITE_RECURSION = YES;
				CLANG_WARN_INT_CONVERSION = YES;
				CLANG_WARN_NON_LITERAL_NULL_CONVERSION = YES;
				CLANG_WARN_OBJC_IMPLICIT_RETAIN_SELF = YES;
				CLANG_WARN_OBJC_LITERAL_CONVERSION = YES;
				CLANG_WARN_OBJC_ROOT_CLASS = YES_ERROR;
				CLANG_WARN_QUOTED_INCLUDE_IN_FRAMEWORK_HEADER = YES;
				CLANG_WARN_RANGE_LOOP_ANALYSIS = YES;
				CLANG_WARN_STRICT_PROTOTYPES = YES;
				CLANG_WARN_SUSPICIOUS_MOVE = YES;
				CLANG_WARN_UNGUARDED_AVAILABILITY = YES_AGGRESSIVE;
				CLANG_WARN_UNREACHABLE_CODE = YES;
				CLANG_WARN__DUPLICATE_METHOD_MATCH = YES;
				COPY_PHASE_STRIP = NO;
				DEBUG_INFORMATION_FORMAT = dwarf;
				ENABLE_STRICT_OBJC_MSGSEND = YES;
				ENABLE_TESTABILITY = YES;
				GCC_C_LANGUAGE_STANDARD = gnu11;
				GCC_DYNAMIC_NO_PIC = NO;
				GCC_NO_COMMON_BLOCKS = YES;
				GCC_OPTIMIZATION_LEVEL = 0;
				GCC_PREPROCESSOR_DEFINITIONS = (
					"DEBUG=1",
					"$(inherited)",
				);
				GCC_WARN_64_TO_32_BIT_CONVERSION = YES;
				GCC_WARN_ABOUT_RETURN_TYPE = YES_ERROR;
				GCC_WARN_UNDECLARED_SELECTOR = YES;
				GCC_WARN_UNINITIALIZED_AUTOS = YES_AGGRESSIVE;
				GCC_WARN_UNUSED_FUNCTION = YES;
				GCC_WARN_UNUSED_VARIABLE = YES;
				INFOPLIST_FILE = Labrand/Resources/Info.plist;
				IPHONEOS_DEPLOYMENT_TARGET = 16.0;
				MTL_ENABLE_DEBUG_INFO = INCLUDE_SOURCE;
				MTL_FAST_MATH = YES;
				ONLY_ACTIVE_ARCH = YES;
				SDKROOT = iphoneos;
				SWIFT_ACTIVE_COMPILATION_CONDITIONS = DEBUG;
				SWIFT_OPTIMIZATION_LEVEL = "-Onone";
			};
			name = Debug;
		};
		2E782FDF28DC5564003C102B /* Release */ = {
			isa = XCBuildConfiguration;
			buildSettings = {
				ALWAYS_SEARCH_USER_PATHS = NO;
				CLANG_ANALYZER_NONNULL = YES;
				CLANG_ANALYZER_NUMBER_OBJECT_CONVERSION = YES_AGGRESSIVE;
				CLANG_CXX_LANGUAGE_STANDARD = "gnu++20";
				CLANG_ENABLE_MODULES = YES;
				CLANG_ENABLE_OBJC_ARC = YES;
				CLANG_ENABLE_OBJC_WEAK = YES;
				CLANG_WARN_BLOCK_CAPTURE_AUTORELEASING = YES;
				CLANG_WARN_BOOL_CONVERSION = YES;
				CLANG_WARN_COMMA = YES;
				CLANG_WARN_CONSTANT_CONVERSION = YES;
				CLANG_WARN_DEPRECATED_OBJC_IMPLEMENTATIONS = YES;
				CLANG_WARN_DIRECT_OBJC_ISA_USAGE = YES_ERROR;
				CLANG_WARN_DOCUMENTATION_COMMENTS = YES;
				CLANG_WARN_EMPTY_BODY = YES;
				CLANG_WARN_ENUM_CONVERSION = YES;
				CLANG_WARN_INFINITE_RECURSION = YES;
				CLANG_WARN_INT_CONVERSION = YES;
				CLANG_WARN_NON_LITERAL_NULL_CONVERSION = YES;
				CLANG_WARN_OBJC_IMPLICIT_RETAIN_SELF = YES;
				CLANG_WARN_OBJC_LITERAL_CONVERSION = YES;
				CLANG_WARN_OBJC_ROOT_CLASS = YES_ERROR;
				CLANG_WARN_QUOTED_INCLUDE_IN_FRAMEWORK_HEADER = YES;
				CLANG_WARN_RANGE_LOOP_ANALYSIS = YES;
				CLANG_WARN_STRICT_PROTOTYPES = YES;
				CLANG_WARN_SUSPICIOUS_MOVE = YES;
				CLANG_WARN_UNGUARDED_AVAILABILITY = YES_AGGRESSIVE;
				CLANG_WARN_UNREACHABLE_CODE = YES;
				CLANG_WARN__DUPLICATE_METHOD_MATCH = YES;
				COPY_PHASE_STRIP = NO;
				DEBUG_INFORMATION_FORMAT = "dwarf-with-dsym";
				ENABLE_NS_ASSERTIONS = NO;
				ENABLE_STRICT_OBJC_MSGSEND = YES;
				GCC_C_LANGUAGE_STANDARD = gnu11;
				GCC_NO_COMMON_BLOCKS = YES;
				GCC_WARN_64_TO_32_BIT_CONVERSION = YES;
				GCC_WARN_ABOUT_RETURN_TYPE = YES_ERROR;
				GCC_WARN_UNDECLARED_SELECTOR = YES;
				GCC_WARN_UNINITIALIZED_AUTOS = YES_AGGRESSIVE;
				GCC_WARN_UNUSED_FUNCTION = YES;
				GCC_WARN_UNUSED_VARIABLE = YES;
				INFOPLIST_FILE = Labrand/Resources/Info.plist;
				IPHONEOS_DEPLOYMENT_TARGET = 16.0;
				MTL_ENABLE_DEBUG_INFO = NO;
				MTL_FAST_MATH = YES;
				SDKROOT = iphoneos;
				SWIFT_COMPILATION_MODE = wholemodule;
				SWIFT_OPTIMIZATION_LEVEL = "-O";
				VALIDATE_PRODUCT = YES;
			};
			name = Release;
		};
		2E782FE128DC5564003C102B /* Debug */ = {
			isa = XCBuildConfiguration;
			buildSettings = {
				ASSETCATALOG_COMPILER_APPICON_NAME = AppIcon;
				ASSETCATALOG_COMPILER_GLOBAL_ACCENT_COLOR_NAME = AccentColor;
				CODE_SIGN_STYLE = Automatic;
				CURRENT_PROJECT_VERSION = 1;
				DEVELOPMENT_TEAM = 4V6HY9M86Z;
				GENERATE_INFOPLIST_FILE = YES;
				INFOPLIST_FILE = Labrand/Resources/Info.plist;
				INFOPLIST_KEY_UIApplicationSupportsIndirectInputEvents = YES;
				INFOPLIST_KEY_UISupportedInterfaceOrientations = UIInterfaceOrientationPortrait;
				IPHONEOS_DEPLOYMENT_TARGET = 13.0;
				LD_RUNPATH_SEARCH_PATHS = (
					"$(inherited)",
					"@executable_path/Frameworks",
				);
				MARKETING_VERSION = 1.0;
				PRODUCT_BUNDLE_IDENTIFIER = "labrand-mersi.Labrand";
				PRODUCT_NAME = "$(TARGET_NAME)";
				SUPPORTED_PLATFORMS = "iphoneos iphonesimulator";
				SUPPORTS_MACCATALYST = NO;
				SUPPORTS_MAC_DESIGNED_FOR_IPHONE_IPAD = NO;
				SWIFT_EMIT_LOC_STRINGS = YES;
				SWIFT_VERSION = 5.0;
				TARGETED_DEVICE_FAMILY = 1;
			};
			name = Debug;
		};
		2E782FE228DC5564003C102B /* Release */ = {
			isa = XCBuildConfiguration;
			buildSettings = {
				ASSETCATALOG_COMPILER_APPICON_NAME = AppIcon;
				ASSETCATALOG_COMPILER_GLOBAL_ACCENT_COLOR_NAME = AccentColor;
				CODE_SIGN_STYLE = Automatic;
				CURRENT_PROJECT_VERSION = 1;
				DEVELOPMENT_TEAM = 4V6HY9M86Z;
				GENERATE_INFOPLIST_FILE = YES;
				INFOPLIST_FILE = Labrand/Resources/Info.plist;
				INFOPLIST_KEY_UIApplicationSupportsIndirectInputEvents = YES;
				INFOPLIST_KEY_UISupportedInterfaceOrientations = UIInterfaceOrientationPortrait;
				IPHONEOS_DEPLOYMENT_TARGET = 13.0;
				LD_RUNPATH_SEARCH_PATHS = (
					"$(inherited)",
					"@executable_path/Frameworks",
				);
				MARKETING_VERSION = 1.0;
				PRODUCT_BUNDLE_IDENTIFIER = "labrand-mersi.Labrand";
				PRODUCT_NAME = "$(TARGET_NAME)";
				SUPPORTED_PLATFORMS = "iphoneos iphonesimulator";
				SUPPORTS_MACCATALYST = NO;
				SUPPORTS_MAC_DESIGNED_FOR_IPHONE_IPAD = NO;
				SWIFT_EMIT_LOC_STRINGS = YES;
				SWIFT_VERSION = 5.0;
				TARGETED_DEVICE_FAMILY = 1;
			};
			name = Release;
		};
		2E782FE428DC5564003C102B /* Debug */ = {
			isa = XCBuildConfiguration;
			buildSettings = {
				ALWAYS_EMBED_SWIFT_STANDARD_LIBRARIES = YES;
				BUNDLE_LOADER = "$(TEST_HOST)";
				CODE_SIGN_STYLE = Automatic;
				CURRENT_PROJECT_VERSION = 1;
				DEVELOPMENT_TEAM = 4V6HY9M86Z;
				GENERATE_INFOPLIST_FILE = YES;
				IPHONEOS_DEPLOYMENT_TARGET = 16.0;
				MARKETING_VERSION = 1.0;
				PRODUCT_BUNDLE_IDENTIFIER = "labrand-mersi.LabrandTests";
				PRODUCT_NAME = "$(TARGET_NAME)";
				SWIFT_EMIT_LOC_STRINGS = NO;
				SWIFT_VERSION = 5.0;
				TARGETED_DEVICE_FAMILY = "1,2";
				TEST_HOST = "$(BUILT_PRODUCTS_DIR)/Labrand.app/$(BUNDLE_EXECUTABLE_FOLDER_PATH)/Labrand";
			};
			name = Debug;
		};
		2E782FE528DC5564003C102B /* Release */ = {
			isa = XCBuildConfiguration;
			buildSettings = {
				ALWAYS_EMBED_SWIFT_STANDARD_LIBRARIES = YES;
				BUNDLE_LOADER = "$(TEST_HOST)";
				CODE_SIGN_STYLE = Automatic;
				CURRENT_PROJECT_VERSION = 1;
				DEVELOPMENT_TEAM = 4V6HY9M86Z;
				GENERATE_INFOPLIST_FILE = YES;
				IPHONEOS_DEPLOYMENT_TARGET = 16.0;
				MARKETING_VERSION = 1.0;
				PRODUCT_BUNDLE_IDENTIFIER = "labrand-mersi.LabrandTests";
				PRODUCT_NAME = "$(TARGET_NAME)";
				SWIFT_EMIT_LOC_STRINGS = NO;
				SWIFT_VERSION = 5.0;
				TARGETED_DEVICE_FAMILY = "1,2";
				TEST_HOST = "$(BUILT_PRODUCTS_DIR)/Labrand.app/$(BUNDLE_EXECUTABLE_FOLDER_PATH)/Labrand";
			};
			name = Release;
		};
		2E782FE728DC5564003C102B /* Debug */ = {
			isa = XCBuildConfiguration;
			buildSettings = {
				ALWAYS_EMBED_SWIFT_STANDARD_LIBRARIES = YES;
				CODE_SIGN_STYLE = Automatic;
				CURRENT_PROJECT_VERSION = 1;
				DEVELOPMENT_TEAM = 4V6HY9M86Z;
				GENERATE_INFOPLIST_FILE = YES;
				MARKETING_VERSION = 1.0;
				PRODUCT_BUNDLE_IDENTIFIER = "labrand-mersi.LabrandUITests";
				PRODUCT_NAME = "$(TARGET_NAME)";
				SWIFT_EMIT_LOC_STRINGS = NO;
				SWIFT_VERSION = 5.0;
				TARGETED_DEVICE_FAMILY = "1,2";
				TEST_TARGET_NAME = Labrand;
			};
			name = Debug;
		};
		2E782FE828DC5564003C102B /* Release */ = {
			isa = XCBuildConfiguration;
			buildSettings = {
				ALWAYS_EMBED_SWIFT_STANDARD_LIBRARIES = YES;
				CODE_SIGN_STYLE = Automatic;
				CURRENT_PROJECT_VERSION = 1;
				DEVELOPMENT_TEAM = 4V6HY9M86Z;
				GENERATE_INFOPLIST_FILE = YES;
				MARKETING_VERSION = 1.0;
				PRODUCT_BUNDLE_IDENTIFIER = "labrand-mersi.LabrandUITests";
				PRODUCT_NAME = "$(TARGET_NAME)";
				SWIFT_EMIT_LOC_STRINGS = NO;
				SWIFT_VERSION = 5.0;
				TARGETED_DEVICE_FAMILY = "1,2";
				TEST_TARGET_NAME = Labrand;
			};
			name = Release;
		};
/* End XCBuildConfiguration section */

/* Begin XCConfigurationList section */
		2E782FB128DC5563003C102B /* Build configuration list for PBXProject "Labrand" */ = {
			isa = XCConfigurationList;
			buildConfigurations = (
				2E782FDE28DC5564003C102B /* Debug */,
				2E782FDF28DC5564003C102B /* Release */,
			);
			defaultConfigurationIsVisible = 0;
			defaultConfigurationName = Release;
		};
		2E782FE028DC5564003C102B /* Build configuration list for PBXNativeTarget "Labrand" */ = {
			isa = XCConfigurationList;
			buildConfigurations = (
				2E782FE128DC5564003C102B /* Debug */,
				2E782FE228DC5564003C102B /* Release */,
			);
			defaultConfigurationIsVisible = 0;
			defaultConfigurationName = Release;
		};
		2E782FE328DC5564003C102B /* Build configuration list for PBXNativeTarget "LabrandTests" */ = {
			isa = XCConfigurationList;
			buildConfigurations = (
				2E782FE428DC5564003C102B /* Debug */,
				2E782FE528DC5564003C102B /* Release */,
			);
			defaultConfigurationIsVisible = 0;
			defaultConfigurationName = Release;
		};
		2E782FE628DC5564003C102B /* Build configuration list for PBXNativeTarget "LabrandUITests" */ = {
			isa = XCConfigurationList;
			buildConfigurations = (
				2E782FE728DC5564003C102B /* Debug */,
				2E782FE828DC5564003C102B /* Release */,
			);
			defaultConfigurationIsVisible = 0;
			defaultConfigurationName = Release;
		};
/* End XCConfigurationList section */

/* Begin XCRemoteSwiftPackageReference section */
		2ED1344928EAFB8500FE64DC /* XCRemoteSwiftPackageReference "SnapKit" */ = {
			isa = XCRemoteSwiftPackageReference;
			repositoryURL = "https://github.com/SnapKit/SnapKit.git";
			requirement = {
				kind = upToNextMajorVersion;
				minimumVersion = 5.0.0;
			};
		};
		2ED1344C28EAFBA000FE64DC /* XCRemoteSwiftPackageReference "Alamofire" */ = {
			isa = XCRemoteSwiftPackageReference;
			repositoryURL = "https://github.com/Alamofire/Alamofire.git";
			requirement = {
				kind = upToNextMajorVersion;
				minimumVersion = 5.0.0;
			};
		};
		2ED1344F28EAFBAD00FE64DC /* XCRemoteSwiftPackageReference "SwiftyJSON" */ = {
			isa = XCRemoteSwiftPackageReference;
			repositoryURL = "https://github.com/SwiftyJSON/SwiftyJSON.git";
			requirement = {
				kind = upToNextMajorVersion;
				minimumVersion = 5.0.0;
			};
		};
/* End XCRemoteSwiftPackageReference section */

/* Begin XCSwiftPackageProductDependency section */
		2ED1344A28EAFB8500FE64DC /* SnapKit */ = {
			isa = XCSwiftPackageProductDependency;
			package = 2ED1344928EAFB8500FE64DC /* XCRemoteSwiftPackageReference "SnapKit" */;
			productName = SnapKit;
		};
		2ED1344D28EAFBA000FE64DC /* Alamofire */ = {
			isa = XCSwiftPackageProductDependency;
			package = 2ED1344C28EAFBA000FE64DC /* XCRemoteSwiftPackageReference "Alamofire" */;
			productName = Alamofire;
		};
		2ED1345028EAFBAD00FE64DC /* SwiftyJSON */ = {
			isa = XCSwiftPackageProductDependency;
			package = 2ED1344F28EAFBAD00FE64DC /* XCRemoteSwiftPackageReference "SwiftyJSON" */;
			productName = SwiftyJSON;
		};
/* End XCSwiftPackageProductDependency section */
	};
	rootObject = 2E782FAE28DC5563003C102B /* Project object */;
}
